{
  "name": "CursDesign",
  "lockfileVersion": 2,
  "requires": true,
  "packages": {
    "": {
      "dependencies": {
        "@alicloud/iot20180120": "^3.0.2",
        "@alicloud/openapi-client": "^0.4.1"
      }
    },
    "node_modules/@alicloud/credentials": {
      "version": "2.2.2",
      "resolved": "https://registry.npmjs.org/@alicloud/credentials/-/credentials-2.2.2.tgz",
      "integrity": "sha512-FZYUFXZ/G6WWpKy58Eg01LWcA1ejO3huNJYiQ9VYCDCno+RmUjy+xs+r+7WULR52fmwPNaKkqlSuA9L5cJVyjw==",
      "dependencies": {
        "@alicloud/tea-typescript": "^1.5.3",
        "httpx": "^2.2.0",
        "ini": "^1.3.5",
        "kitx": "^2.0.0"
      }
    },
    "node_modules/@alicloud/endpoint-util": {
      "version": "0.0.1",
      "resolved": "https://registry.npmjs.org/@alicloud/endpoint-util/-/endpoint-util-0.0.1.tgz",
      "integrity": "sha512-+pH7/KEXup84cHzIL6UJAaPqETvln4yXlD9JzlrqioyCSaWxbug5FUobsiI6fuUOpw5WwoB3fWAtGbFnJ1K3Yg==",
      "dependencies": {
        "@alicloud/tea-typescript": "^1.5.1",
        "kitx": "^2.0.0"
      }
    },
    "node_modules/@alicloud/gateway-spi": {
      "version": "0.0.8",
      "resolved": "https://registry.npmjs.org/@alicloud/gateway-spi/-/gateway-spi-0.0.8.tgz",
      "integrity": "sha512-KM7fu5asjxZPmrz9sJGHJeSU+cNQNOxW+SFmgmAIrITui5hXL2LB+KNRuzWmlwPjnuA2X3/keq9h6++S9jcV5g==",
      "dependencies": {
        "@alicloud/credentials": "^2",
        "@alicloud/tea-typescript": "^1.7.1"
      }
    },
    "node_modules/@alicloud/iot20180120": {
      "version": "3.0.2",
      "resolved": "https://registry.npmjs.org/@alicloud/iot20180120/-/iot20180120-3.0.2.tgz",
      "integrity": "sha512-U/JMQc16IiCOjA5r4ybLbO0MFL8Anlq1ppH3lrSB/NktzGilLj2QeRsF5v+noZHObxUAn/VLxMgEX8CR+Cjjnw==",
      "dependencies": {
        "@alicloud/endpoint-util": "^0.0.1",
        "@alicloud/openapi-client": "^0.4.1",
        "@alicloud/openapi-util": "^0.2.7",
        "@alicloud/rpc-client": "^1.3.1",
        "@alicloud/rpc-util": "^0.1.0",
        "@alicloud/tea-typescript": "^1.7.1",
        "@alicloud/tea-util": "^1.4.0"
      }
    },
    "node_modules/@alicloud/openapi-client": {
      "version": "0.4.1",
      "resolved": "https://registry.npmjs.org/@alicloud/openapi-client/-/openapi-client-0.4.1.tgz",
      "integrity": "sha512-FNGQ9kmGi0AuNFX9yj7DDbMn8CB4TvihIIQ3ONNhLZF8Hj2asau7NiqVoftJX3F/JFq9qzJWeVbvboSM9Zq5kA==",
      "dependencies": {
        "@alicloud/credentials": "^2",
        "@alicloud/gateway-spi": "^0.0.8",
        "@alicloud/openapi-util": "^0.2.7",
        "@alicloud/tea-typescript": "^1.7.1",
        "@alicloud/tea-util": "^1.4.0"
      }
    },
    "node_modules/@alicloud/openapi-util": {
      "version": "0.2.8",
      "resolved": "https://registry.npmjs.org/@alicloud/openapi-util/-/openapi-util-0.2.8.tgz",
      "integrity": "sha512-63UWzteiJrSBGyMATHsuREhLKt6amRalwwumG9ufvMEVSx52x+DdxY8WrM8wwHL8BWEmmBllWCMPZ3TVrwBI7A==",
      "dependencies": {
        "@alicloud/tea-typescript": "^1.7.1",
        "@alicloud/tea-util": "^1.3.0",
        "kitx": "^2.1.0",
        "sm3": "^1.0.3"
      }
    },
    "node_modules/@alicloud/rpc-client": {
      "version": "1.3.2",
      "resolved": "https://registry.npmjs.org/@alicloud/rpc-client/-/rpc-client-1.3.2.tgz",
      "integrity": "sha512-PjgkPXtgDyb0m+BJMaEU/2rOvjUVBqhemqrMhNW0vYKYGlyfdEOVfrHVieqkLe8lxvFGy6gD1PpvAjeEMUXfsA==",
      "dependencies": {
        "@alicloud/credentials": "^2",
        "@alicloud/rpc-util": "^0.1.0",
        "@alicloud/tea-typescript": "^1.6.0",
        "@alicloud/tea-util": "^1.4.0"
      }
    },
    "node_modules/@alicloud/rpc-util": {
      "version": "0.1.0",
      "resolved": "https://registry.npmjs.org/@alicloud/rpc-util/-/rpc-util-0.1.0.tgz",
      "integrity": "sha512-0J+OcSycsfJvX1SpqaGqVHE7lbCFsk2PwdkZUOrWfbqMYcQjCe/Kp/DfwqcTMkYhWmiV48Esfog8XNLEB34zUg==",
      "dependencies": {
        "@alicloud/tea-typescript": "^1",
        "@types/xml2js": "^0.4.5",
        "kitx": "^2.0.0",
        "xml2js": "^0.4.22"
      }
    },
    "node_modules/@alicloud/tea-typescript": {
      "version": "1.7.2",
      "resolved": "https://registry.npmjs.org/@alicloud/tea-typescript/-/tea-typescript-1.7.2.tgz",
      "integrity": "sha512-vDOU6qUp9ZAGlHSLC7lqVLgxUbmkcDXTEXyiIipvPWcq7dqwDDO6SeLlU7nBYI+yYWpbfOazEGkMTlHMhvA5Tw==",
      "dependencies": {
        "@types/node": "^12.0.2",
        "httpx": "^2.2.6"
      }
    },
    "node_modules/@alicloud/tea-util": {
      "version": "1.4.3",
      "resolved": "https://registry.npmjs.org/@alicloud/tea-util/-/tea-util-1.4.3.tgz",
      "integrity": "sha512-8bYzfn+hmzp8L1tkfOX7XNqOOc57i23EAVe09SvM/DasySTtBFdONkDV+EtHzROohBI1zpbE61EFD8jGThg1OA==",
      "dependencies": {
        "@alicloud/tea-typescript": "^1.5.1",
        "kitx": "^2.0.0"
      }
    },
    "node_modules/@types/node": {
      "version": "12.20.50",
      "resolved": "https://registry.npmjs.org/@types/node/-/node-12.20.50.tgz",
      "integrity": "sha512-+9axpWx2b2JCVovr7Ilgt96uc6C1zBKOQMpGtRbWT9IoR/8ue32GGMfGA4woP8QyP2gBs6GQWEVM3tCybGCxDA=="
    },
    "node_modules/@types/xml2js": {
      "version": "0.4.11",
      "resolved": "https://registry.npmjs.org/@types/xml2js/-/xml2js-0.4.11.tgz",
      "integrity": "sha512-JdigeAKmCyoJUiQljjr7tQG3if9NkqGUgwEUqBvV0N7LM4HyQk7UXCnusRa1lnvXAEYJ8mw8GtZWioagNztOwA==",
      "dependencies": {
        "@types/node": "*"
      }
    },
    "node_modules/debug": {
      "version": "4.3.4",
      "resolved": "https://registry.npmjs.org/debug/-/debug-4.3.4.tgz",
      "integrity": "sha512-PRWFHuSU3eDtQJPvnNY7Jcket1j0t5OuOsFzPPzsekD52Zl8qUfFIPEiswXqIvHWGVHOgX+7G/vCNNhehwxfkQ==",
      "dependencies": {
        "ms": "2.1.2"
      },
      "engines": {
        "node": ">=6.0"
      },
      "peerDependenciesMeta": {
        "supports-color": {
          "optional": true
        }
      }
    },
    "node_modules/httpx": {
      "version": "2.2.7",
      "resolved": "https://registry.npmjs.org/httpx/-/httpx-2.2.7.tgz",
      "integrity": "sha512-Wjh2JOAah0pdczfqL8NC5378G7jMt0Zcpn8U+yyxAiejjlagzSTQgJHuVvka2VNPQlKfoGehYRc79WKq9E4gDw==",
      "dependencies": {
        "@types/node": "^14",
        "debug": "^4.1.1"
      }
    },
    "node_modules/httpx/node_modules/@types/node": {
      "version": "14.18.16",
      "resolved": "https://registry.npmjs.org/@types/node/-/node-14.18.16.tgz",
      "integrity": "sha512-X3bUMdK/VmvrWdoTkz+VCn6nwKwrKCFTHtqwBIaQJNx4RUIBBUFXM00bqPz/DsDd+Icjmzm6/tyYZzeGVqb6/Q=="
    },
    "node_modules/ini": {
      "version": "1.3.8",
      "resolved": "https://registry.npmjs.org/ini/-/ini-1.3.8.tgz",
      "integrity": "sha512-JV/yugV2uzW5iMRSiZAyDtQd+nxtUnjeLt0acNdw98kKLrvuRVyB80tsREOE7yvGVgalhZ6RNXCmEHkUKBKxew=="
    },
    "node_modules/kitx": {
      "version": "2.1.0",
      "resolved": "https://registry.npmjs.org/kitx/-/kitx-2.1.0.tgz",
      "integrity": "sha512-C/5v9MtIX7aHGOjwn5BmrrbNkJSf7i0R5mRzmh13GSAdRqQ7bYQo/Su2pTYNylFicqKNTVX3HML9k1u8k51+pQ==",
      "dependencies": {
        "@types/node": "^12.0.2"
      }
    },
    "node_modules/ms": {
      "version": "2.1.2",
      "resolved": "https://registry.npmjs.org/ms/-/ms-2.1.2.tgz",
      "integrity": "sha512-sGkPx+VjMtmA6MX27oA4FBFELFCZZ4S4XqeGOXCv68tT+jb3vk/RyaKWP0PTKyWtmLSM0b+adUTEvbs1PEaH2w=="
    },
    "node_modules/sax": {
      "version": "1.2.4",
      "resolved": "https://registry.npmjs.org/sax/-/sax-1.2.4.tgz",
      "integrity": "sha512-NqVDv9TpANUjFm0N8uM5GxL36UgKi9/atZw+x7YFnQ8ckwFGKrl4xX4yWtrey3UJm5nP1kUbnYgLopqWNSRhWw=="
    },
    "node_modules/sm3": {
      "version": "1.0.3",
      "resolved": "https://registry.npmjs.org/sm3/-/sm3-1.0.3.tgz",
      "integrity": "sha512-KyFkIfr8QBlFG3uc3NaljaXdYcsbRy1KrSfc4tsQV8jW68jAktGeOcifu530Vx/5LC+PULHT0Rv8LiI8Gw+c1g=="
    },
    "node_modules/xml2js": {
      "version": "0.4.23",
      "resolved": "https://registry.npmjs.org/xml2js/-/xml2js-0.4.23.tgz",
      "integrity": "sha512-ySPiMjM0+pLDftHgXY4By0uswI3SPKLDw/i3UXbnO8M/p28zqexCUoPmQFrYD+/1BzhGJSs2i1ERWKJAtiLrug==",
      "dependencies": {
        "sax": ">=0.6.0",
        "xmlbuilder": "~11.0.0"
      },
      "engines": {
        "node": ">=4.0.0"
      }
    },
    "node_modules/xmlbuilder": {
      "version": "11.0.1",
      "resolved": "https://registry.npmjs.org/xmlbuilder/-/xmlbuilder-11.0.1.tgz",
      "integrity": "sha512-fDlsI/kFEx7gLvbecc0/ohLG50fugQp8ryHzMTuW9vSa1GJ0XYWKnhsUx7oie3G98+r56aTQIUB4kht42R3JvA==",
      "engines": {
        "node": ">=4.0"
      }
    }
  },
  "dependencies": {
    "@alicloud/credentials": {
      "version": "2.2.2",
      "resolved": "https://registry.npmjs.org/@alicloud/credentials/-/credentials-2.2.2.tgz",
      "integrity": "sha512-FZYUFXZ/G6WWpKy58Eg01LWcA1ejO3huNJYiQ9VYCDCno+RmUjy+xs+r+7WULR52fmwPNaKkqlSuA9L5cJVyjw==",
      "requires": {
        "@alicloud/tea-typescript": "^1.5.3",
        "httpx": "^2.2.0",
        "ini": "^1.3.5",
        "kitx": "^2.0.0"
      }
    },
    "@alicloud/endpoint-util": {
      "version": "0.0.1",
      "resolved": "https://registry.npmjs.org/@alicloud/endpoint-util/-/endpoint-util-0.0.1.tgz",
      "integrity": "sha512-+pH7/KEXup84cHzIL6UJAaPqETvln4yXlD9JzlrqioyCSaWxbug5FUobsiI6fuUOpw5WwoB3fWAtGbFnJ1K3Yg==",
      "requires": {
        "@alicloud/tea-typescript": "^1.5.1",
        "kitx": "^2.0.0"
      }
    },
    "@alicloud/gateway-spi": {
      "version": "0.0.8",
      "resolved": "https://registry.npmjs.org/@alicloud/gateway-spi/-/gateway-spi-0.0.8.tgz",
      "integrity": "sha512-KM7fu5asjxZPmrz9sJGHJeSU+cNQNOxW+SFmgmAIrITui5hXL2LB+KNRuzWmlwPjnuA2X3/keq9h6++S9jcV5g==",
      "requires": {
        "@alicloud/credentials": "^2",
        "@alicloud/tea-typescript": "^1.7.1"
      }
    },
    "@alicloud/iot20180120": {
      "version": "3.0.2",
      "resolved": "https://registry.npmjs.org/@alicloud/iot20180120/-/iot20180120-3.0.2.tgz",
      "integrity": "sha512-U/JMQc16IiCOjA5r4ybLbO0MFL8Anlq1ppH3lrSB/NktzGilLj2QeRsF5v+noZHObxUAn/VLxMgEX8CR+Cjjnw==",
      "requires": {
        "@alicloud/endpoint-util": "^0.0.1",
        "@alicloud/openapi-client": "^0.4.1",
        "@alicloud/openapi-util": "^0.2.7",
        "@alicloud/rpc-client": "^1.3.1",
        "@alicloud/rpc-util": "^0.1.0",
        "@alicloud/tea-typescript": "^1.7.1",
        "@alicloud/tea-util": "^1.4.0"
      }
    },
    "@alicloud/openapi-client": {
      "version": "0.4.1",
      "resolved": "https://registry.npmjs.org/@alicloud/openapi-client/-/openapi-client-0.4.1.tgz",
      "integrity": "sha512-FNGQ9kmGi0AuNFX9yj7DDbMn8CB4TvihIIQ3ONNhLZF8Hj2asau7NiqVoftJX3F/JFq9qzJWeVbvboSM9Zq5kA==",
      "requires": {
        "@alicloud/credentials": "^2",
        "@alicloud/gateway-spi": "^0.0.8",
        "@alicloud/openapi-util": "^0.2.7",
        "@alicloud/tea-typescript": "^1.7.1",
        "@alicloud/tea-util": "^1.4.0"
      }
    },
    "@alicloud/openapi-util": {
      "version": "0.2.8",
      "resolved": "https://registry.npmjs.org/@alicloud/openapi-util/-/openapi-util-0.2.8.tgz",
      "integrity": "sha512-63UWzteiJrSBGyMATHsuREhLKt6amRalwwumG9ufvMEVSx52x+DdxY8WrM8wwHL8BWEmmBllWCMPZ3TVrwBI7A==",
      "requires": {
        "@alicloud/tea-typescript": "^1.7.1",
        "@alicloud/tea-util": "^1.3.0",
        "kitx": "^2.1.0",
        "sm3": "^1.0.3"
      }
    },
    "@alicloud/rpc-client": {
      "version": "1.3.2",
      "resolved": "https://registry.npmjs.org/@alicloud/rpc-client/-/rpc-client-1.3.2.tgz",
      "integrity": "sha512-PjgkPXtgDyb0m+BJMaEU/2rOvjUVBqhemqrMhNW0vYKYGlyfdEOVfrHVieqkLe8lxvFGy6gD1PpvAjeEMUXfsA==",
      "requires": {
        "@alicloud/credentials": "^2",
        "@alicloud/rpc-util": "^0.1.0",
        "@alicloud/tea-typescript": "^1.6.0",
        "@alicloud/tea-util": "^1.4.0"
      }
    },
    "@alicloud/rpc-util": {
      "version": "0.1.0",
      "resolved": "https://registry.npmjs.org/@alicloud/rpc-util/-/rpc-util-0.1.0.tgz",
      "integrity": "sha512-0J+OcSycsfJvX1SpqaGqVHE7lbCFsk2PwdkZUOrWfbqMYcQjCe/Kp/DfwqcTMkYhWmiV48Esfog8XNLEB34zUg==",
      "requires": {
        "@alicloud/tea-typescript": "^1",
        "@types/xml2js": "^0.4.5",
        "kitx": "^2.0.0",
        "xml2js": "^0.4.22"
      }
    },
    "@alicloud/tea-typescript": {
      "version": "1.7.2",
      "resolved": "https://registry.npmjs.org/@alicloud/tea-typescript/-/tea-typescript-1.7.2.tgz",
      "integrity": "sha512-vDOU6qUp9ZAGlHSLC7lqVLgxUbmkcDXTEXyiIipvPWcq7dqwDDO6SeLlU7nBYI+yYWpbfOazEGkMTlHMhvA5Tw==",
      "requires": {
        "@types/node": "^12.0.2",
        "httpx": "^2.2.6"
      }
    },
    "@alicloud/tea-util": {
      "version": "1.4.3",
      "resolved": "https://registry.npmjs.org/@alicloud/tea-util/-/tea-util-1.4.3.tgz",
      "integrity": "sha512-8bYzfn+hmzp8L1tkfOX7XNqOOc57i23EAVe09SvM/DasySTtBFdONkDV+EtHzROohBI1zpbE61EFD8jGThg1OA==",
      "requires": {
        "@alicloud/tea-typescript": "^1.5.1",
        "kitx": "^2.0.0"
      }
    },
    "@types/node": {
      "version": "12.20.50",
      "resolved": "https://registry.npmjs.org/@types/node/-/node-12.20.50.tgz",
      "integrity": "sha512-+9axpWx2b2JCVovr7Ilgt96uc6C1zBKOQMpGtRbWT9IoR/8ue32GGMfGA4woP8QyP2gBs6GQWEVM3tCybGCxDA=="
    },
    "@types/xml2js": {
      "version": "0.4.11",
      "resolved": "https://registry.npmjs.org/@types/xml2js/-/xml2js-0.4.11.tgz",
      "integrity": "sha512-JdigeAKmCyoJUiQljjr7tQG3if9NkqGUgwEUqBvV0N7LM4HyQk7UXCnusRa1lnvXAEYJ8mw8GtZWioagNztOwA==",
      "requires": {
        "@types/node": "*"
      }
    },
    "debug": {
      "version": "4.3.4",
      "resolved": "https://registry.npmjs.org/debug/-/debug-4.3.4.tgz",
      "integrity": "sha512-PRWFHuSU3eDtQJPvnNY7Jcket1j0t5OuOsFzPPzsekD52Zl8qUfFIPEiswXqIvHWGVHOgX+7G/vCNNhehwxfkQ==",
      "requires": {
        "ms": "2.1.2"
      }
    },
    "httpx": {
      "version": "2.2.7",
      "resolved": "https://registry.npmjs.org/httpx/-/httpx-2.2.7.tgz",
      "integrity": "sha512-Wjh2JOAah0pdczfqL8NC5378G7jMt0Zcpn8U+yyxAiejjlagzSTQgJHuVvka2VNPQlKfoGehYRc79WKq9E4gDw==",
      "requires": {
        "@types/node": "^14",
        "debug": "^4.1.1"
      },
      "dependencies": {
        "@types/node": {
          "version": "14.18.16",
          "resolved": "https://registry.npmjs.org/@types/node/-/node-14.18.16.tgz",
          "integrity": "sha512-X3bUMdK/VmvrWdoTkz+VCn6nwKwrKCFTHtqwBIaQJNx4RUIBBUFXM00bqPz/DsDd+Icjmzm6/tyYZzeGVqb6/Q=="
        }
      }
    },
    "ini": {
      "version": "1.3.8",
      "resolved": "https://registry.npmjs.org/ini/-/ini-1.3.8.tgz",
      "integrity": "sha512-JV/yugV2uzW5iMRSiZAyDtQd+nxtUnjeLt0acNdw98kKLrvuRVyB80tsREOE7yvGVgalhZ6RNXCmEHkUKBKxew=="
    },
    "kitx": {
      "version": "2.1.0",
      "resolved": "https://registry.npmjs.org/kitx/-/kitx-2.1.0.tgz",
      "integrity": "sha512-C/5v9MtIX7aHGOjwn5BmrrbNkJSf7i0R5mRzmh13GSAdRqQ7bYQo/Su2pTYNylFicqKNTVX3HML9k1u8k51+pQ==",
      "requires": {
        "@types/node": "^12.0.2"
      }
    },
    "ms": {
      "version": "2.1.2",
      "resolved": "https://registry.npmjs.org/ms/-/ms-2.1.2.tgz",
      "integrity": "sha512-sGkPx+VjMtmA6MX27oA4FBFELFCZZ4S4XqeGOXCv68tT+jb3vk/RyaKWP0PTKyWtmLSM0b+adUTEvbs1PEaH2w=="
    },
    "sax": {
      "version": "1.2.4",
      "resolved": "https://registry.npmjs.org/sax/-/sax-1.2.4.tgz",
      "integrity": "sha512-NqVDv9TpANUjFm0N8uM5GxL36UgKi9/atZw+x7YFnQ8ckwFGKrl4xX4yWtrey3UJm5nP1kUbnYgLopqWNSRhWw=="
    },
    "sm3": {
      "version": "1.0.3",
      "resolved": "https://registry.npmjs.org/sm3/-/sm3-1.0.3.tgz",
      "integrity": "sha512-KyFkIfr8QBlFG3uc3NaljaXdYcsbRy1KrSfc4tsQV8jW68jAktGeOcifu530Vx/5LC+PULHT0Rv8LiI8Gw+c1g=="
    },
    "xml2js": {
      "version": "0.4.23",
      "resolved": "https://registry.npmjs.org/xml2js/-/xml2js-0.4.23.tgz",
      "integrity": "sha512-ySPiMjM0+pLDftHgXY4By0uswI3SPKLDw/i3UXbnO8M/p28zqexCUoPmQFrYD+/1BzhGJSs2i1ERWKJAtiLrug==",
      "requires": {
        "sax": ">=0.6.0",
        "xmlbuilder": "~11.0.0"
      }
    },
    "xmlbuilder": {
      "version": "11.0.1",
      "resolved": "https://registry.npmjs.org/xmlbuilder/-/xmlbuilder-11.0.1.tgz",
      "integrity": "sha512-fDlsI/kFEx7gLvbecc0/ohLG50fugQp8ryHzMTuW9vSa1GJ0XYWKnhsUx7oie3G98+r56aTQIUB4kht42R3JvA=="
    }
  }
}
